
Microsoft Visual Studio Solution File, Format Version 12.00
# Visual Studio Version 17
VisualStudioVersion = 17.8.34330.188
MinimumVisualStudioVersion = 10.0.40219.1
Project("{8BC9CEB8-8B4A-11D0-8D11-00A0C91BC942}") = "SifrelemeUygulaması", "SifrelemeUygulaması.vcxproj", "{899D0AE7-F5EE-40AA-A9F8-C3EBCA2CE471}"
EndProject
Global
	GlobalSection(SolutionConfigurationPlatforms) = preSolution
		Debug|x64 = Debug|x64
		Debug|x86 = Debug|x86
		Release|x64 = Release|x64
		Release|x86 = Release|x86
	EndGlobalSection
	GlobalSection(ProjectConfigurationPlatforms) = postSolution
		{899D0AE7-F5EE-40AA-A9F8-C3EBCA2CE471}.Debug|x64.ActiveCfg = Debug|x64
		{899D0AE7-F5EE-40AA-A9F8-C3EBCA2CE471}.Debug|x64.Build.0 = Debug|x64
		{899D0AE7-F5EE-40AA-A9F8-C3EBCA2CE471}.Debug|x86.ActiveCfg = Debug|Win32
		{899D0AE7-F5EE-40AA-A9F8-C3EBCA2CE471}.Debug|x86.Build.0 = Debug|Win32
		{899D0AE7-F5EE-40AA-A9F8-C3EBCA2CE471}.Release|x64.ActiveCfg = Release|x64
		{899D0AE7-F5EE-40AA-A9F8-C3EBCA2CE471}.Release|x64.Build.0 = Release|x64
		{899D0AE7-F5EE-40AA-A9F8-C3EBCA2CE471}.Release|x86.ActiveCfg = Release|Win32
		{899D0AE7-F5EE-40AA-A9F8-C3EBCA2CE471}.Release|x86.Build.0 = Release|Win32
	EndGlobalSection
	GlobalSection(SolutionProperties) = preSolution
		HideSolutionNode = FALSE
	EndGlobalSection
	GlobalSection(ExtensibilityGlobals) = postSolution
		SolutionGuid = {087C1CE4-0900-4748-8B66-EAD3AA57A891}
	EndGlobalSection
EndGlobal
